{
  "name": "lets-talk-about--example",
  "version": "1.0.0",
  "lockfileVersion": 3,
  "requires": true,
  "packages": {
    "": {
      "name": "lets-talk-about--example",
      "version": "1.0.0",
      "license": "MIT",
      "dependencies": {
        "lets-talk-about": "^0.5.2"
      }
    },
    "../lets-talk-about": {
      "version": "0.5.2",
      "license": "MIT",
      "dependencies": {
        "commander": "^14.0.3",
        "gh-pages": "^6.3.0",
        "gray-matter": "^4.0.3",
        "highlight.js": "^11.11.1",
        "markdown-it": "^14.1.1",
        "mermaid": "^11.14.0",
        "vite": "^8.0.7"
      },
      "bin": {
        "lets-talk-about": "bin/cli.js"
      },
      "devDependencies": {
        "@biomejs/biome": "^2.4.10",
        "@types/node": "^25.5.2",
        "typescript": "^6.0.2"
      }
    },
    "node_modules/lets-talk-about": {
      "resolved": "../lets-talk-about",
      "link": true
    }
  }
}
